{
  "name": "live2d-widget-model-koharu",
  "version": "1.0.5",
  "lockfileVersion": 2,
  "requires": true,
  "packages": {
    "": {
      "name": "live2d-widget-model-koharu",
      "version": "1.0.5",
      "license": "GPL-2.0",
      "dependencies": {
        "live2d-widget-model-koharu": "file:"
      }
    },
    "node_modules/live2d-widget-model-koharu": {
      "resolved": "",
      "link": true
    }
  },
  "dependencies": {
    "live2d-widget-model-koharu": {
      "version": "file:",
      "requires": {
        "live2d-widget-model-koharu": "file:"
      }
    }
  }
}
